// !$*UTF8*$!
{
	archiveVersion = 1;
	classes = {
	};
	objectVersion = 50;
	objects = {

/* Begin PBXBuildFile section */
		F8146D4125C0FFDB000F4F38 /* AppDelegate.swift in Sources */ = {isa = PBXBuildFile; fileRef = F8146D4025C0FFDB000F4F38 /* AppDelegate.swift */; };
		F8146D4325C0FFDB000F4F38 /* SceneDelegate.swift in Sources */ = {isa = PBXBuildFile; fileRef = F8146D4225C0FFDB000F4F38 /* SceneDelegate.swift */; };
		F8146D4525C0FFDB000F4F38 /* ViewController.swift in Sources */ = {isa = PBXBuildFile; fileRef = F8146D4425C0FFDB000F4F38 /* ViewController.swift */; };
		F8146D4825C0FFDB000F4F38 /* Main.storyboard in Resources */ = {isa = PBXBuildFile; fileRef = F8146D4625C0FFDB000F4F38 /* Main.storyboard */; };
		F8146D4A25C0FFE3000F4F38 /* Assets.xcassets in Resources */ = {isa = PBXBuildFile; fileRef = F8146D4925C0FFE3000F4F38 /* Assets.xcassets */; };
		F8146D4D25C0FFE3000F4F38 /* LaunchScreen.storyboard in Resources */ = {isa = PBXBuildFile; fileRef = F8146D4B25C0FFE3000F4F38 /* LaunchScreen.storyboard */; };
		F8146D5825C0FFE3000F4F38 /* PreworkTests.swift in Sources */ = {isa = PBXBuildFile; fileRef = F8146D5725C0FFE3000F4F38 /* PreworkTests.swift */; };
		F8146D6325C0FFE4000F4F38 /* PreworkUITests.swift in Sources */ = {isa = PBXBuildFile; fileRef = F8146D6225C0FFE4000F4F38 /* PreworkUITests.swift */; };
/* End PBXBuildFile section */

/* Begin PBXContainerItemProxy section */
		F8146D5425C0FFE3000F4F38 /* PBXContainerItemProxy */ = {
			isa = PBXContainerItemProxy;
			containerPortal = F8146D3525C0FFDA000F4F38 /* Project object */;
			proxyType = 1;
			remoteGlobalIDString = F8146D3C25C0FFDA000F4F38;
			remoteInfo = Prework;
		};
		F8146D5F25C0FFE4000F4F38 /* PBXContainerItemProxy */ = {
			isa = PBXContainerItemProxy;
			containerPortal = F8146D3525C0FFDA000F4F38 /* Project object */;
			proxyType = 1;
			remoteGlobalIDString = F8146D3C25C0FFDA000F4F38;
			remoteInfo = Prework;
		};
/* End PBXContainerItemProxy section */

/* Begin PBXFileReference section */
		F8146D3D25C0FFDA000F4F38 /* Prework.app */ = {isa = PBXFileReference; explicitFileType = wrapper.application; includeInIndex = 0; path = Prework.app; sourceTree = BUILT_PRODUCTS_DIR; };
		F8146D4025C0FFDB000F4F38 /* AppDelegate.swift */ = {isa = PBXFileReference; lastKnownFileType = sourcecode.swift; path = AppDelegate.swift; sourceTree = "<group>"; };
		F8146D4225C0FFDB000F4F38 /* SceneDelegate.swift */ = {isa = PBXFileReference; lastKnownFileType = sourcecode.swift; path = SceneDelegate.swift; sourceTree = "<group>"; };
		F8146D4425C0FFDB000F4F38 /* ViewController.swift */ = {isa = PBXFileReference; lastKnownFileType = sourcecode.swift; path = ViewController.swift; sourceTree = "<group>"; };
		F8146D4725C0FFDB000F4F38 /* Base */ = {isa = PBXFileReference; lastKnownFileType = file.storyboard; name = Base; path = Base.lproj/Main.storyboard; sourceTree = "<group>"; };
		F8146D4925C0FFE3000F4F38 /* Assets.xcassets */ = {isa = PBXFileReference; lastKnownFileType = folder.assetcatalog; path = Assets.xcassets; sourceTree = "<group>"; };
		F8146D4C25C0FFE3000F4F38 /* Base */ = {isa = PBXFileReference; lastKnownFileType = file.storyboard; name = Base; path = Base.lproj/LaunchScreen.storyboard; sourceTree = "<group>"; };
		F8146D4E25C0FFE3000F4F38 /* Info.plist */ = {isa = PBXFileReference; lastKnownFileType = text.plist.xml; path = Info.plist; sourceTree = "<group>"; };
		F8146D5325C0FFE3000F4F38 /* PreworkTests.xctest */ = {isa = PBXFileReference; explicitFileType = wrapper.cfbundle; includeInIndex = 0; path = PreworkTests.xctest; sourceTree = BUILT_PRODUCTS_DIR; };
		F8146D5725C0FFE3000F4F38 /* PreworkTests.swift */ = {isa = PBXFileReference; lastKnownFileType = sourcecode.swift; path = PreworkTests.swift; sourceTree = "<group>"; };
		F8146D5925C0FFE4000F4F38 /* Info.plist */ = {isa = PBXFileReference; lastKnownFileType = text.plist.xml; path = Info.plist; sourceTree = "<group>"; };
		F8146D5E25C0FFE4000F4F38 /* PreworkUITests.xctest */ = {isa = PBXFileReference; explicitFileType = wrapper.cfbundle; includeInIndex = 0; path = PreworkUITests.xctest; sourceTree = BUILT_PRODUCTS_DIR; };
		F8146D6225C0FFE4000F4F38 /* PreworkUITests.swift */ = {isa = PBXFileReference; lastKnownFileType = sourcecode.swift; path = PreworkUITests.swift; sourceTree = "<group>"; };
		F8146D6425C0FFE4000F4F38 /* Info.plist */ = {isa = PBXFileReference; lastKnownFileType = text.plist.xml; path = Info.plist; sourceTree = "<group>"; };
/* End PBXFileReference section */

/* Begin PBXFrameworksBuildPhase section */
		F8146D3A25C0FFDA000F4F38 /* Frameworks */ = {
			isa = PBXFrameworksBuildPhase;
			buildActionMask = 2147483647;
			files = (
			);
			runOnlyForDeploymentPostprocessing = 0;
		};
		F8146D5025C0FFE3000F4F38 /* Frameworks */ = {
			isa = PBXFrameworksBuildPhase;
			buildActionMask = 2147483647;
			files = (
			);
			runOnlyForDeploymentPostprocessing = 0;
		};
		F8146D5B25C0FFE4000F4F38 /* Frameworks */ = {
			isa = PBXFrameworksBuildPhase;
			buildActionMask = 2147483647;
			files = (
			);
			runOnlyForDeploymentPostprocessing = 0;
		};
/* End PBXFrameworksBuildPhase section */

/* Begin PBXGroup section */
		F8146D3425C0FFDA000F4F38 = {
			isa = PBXGroup;
			children = (
				F8146D3F25C0FFDA000F4F38 /* Prework */,
				F8146D5625C0FFE3000F4F38 /* PreworkTests */,
				F8146D6125C0FFE4000F4F38 /* PreworkUITests */,
				F8146D3E25C0FFDA000F4F38 /* Products */,
			);
			sourceTree = "<group>";
		};
		F8146D3E25C0FFDA000F4F38 /* Products */ = {
			isa = PBXGroup;
			children = (
				F8146D3D25C0FFDA000F4F38 /* Prework.app */,
				F8146D5325C0FFE3000F4F38 /* PreworkTests.xctest */,
				F8146D5E25C0FFE4000F4F38 /* PreworkUITests.xctest */,
			);
			name = Products;
			sourceTree = "<group>";
		};
		F8146D3F25C0FFDA000F4F38 /* Prework */ = {
			isa = PBXGroup;
			children = (
				F8146D4025C0FFDB000F4F38 /* AppDelegate.swift */,
				F8146D4225C0FFDB000F4F38 /* SceneDelegate.swift */,
				F8146D4425C0FFDB000F4F38 /* ViewController.swift */,
				F8146D4625C0FFDB000F4F38 /* Main.storyboard */,
				F8146D4925C0FFE3000F4F38 /* Assets.xcassets */,
				F8146D4B25C0FFE3000F4F38 /* LaunchScreen.storyboard */,
				F8146D4E25C0FFE3000F4F38 /* Info.plist */,
			);
			path = Prework;
			sourceTree = "<group>";
		};
		F8146D5625C0FFE3000F4F38 /* PreworkTests */ = {
			isa = PBXGroup;
			children = (
				F8146D5725C0FFE3000F4F38 /* PreworkTests.swift */,
				F8146D5925C0FFE4000F4F38 /* Info.plist */,
			);
			path = PreworkTests;
			sourceTree = "<group>";
		};
		F8146D6125C0FFE4000F4F38 /* PreworkUITests */ = {
			isa = PBXGroup;
			children = (
				F8146D6225C0FFE4000F4F38 /* PreworkUITests.swift */,
				F8146D6425C0FFE4000F4F38 /* Info.plist */,
			);
			path = PreworkUITests;
			sourceTree = "<group>";
		};
/* End PBXGroup section */

/* Begin PBXNativeTarget section */
		F8146D3C25C0FFDA000F4F38 /* Prework */ = {
			isa = PBXNativeTarget;
			buildConfigurationList = F8146D6725C0FFE4000F4F38 /* Build configuration list for PBXNativeTarget "Prework" */;
			buildPhases = (
				F8146D3925C0FFDA000F4F38 /* Sources */,
				F8146D3A25C0FFDA000F4F38 /* Frameworks */,
				F8146D3B25C0FFDA000F4F38 /* Resources */,
			);
			buildRules = (
			);
			dependencies = (
			);
			name = Prework;
			productName = Prework;
			productReference = F8146D3D25C0FFDA000F4F38 /* Prework.app */;
			productType = "com.apple.product-type.application";
		};
		F8146D5225C0FFE3000F4F38 /* PreworkTests */ = {
			isa = PBXNativeTarget;
			buildConfigurationList = F8146D6A25C0FFE4000F4F38 /* Build configuration list for PBXNativeTarget "PreworkTests" */;
			buildPhases = (
				F8146D4F25C0FFE3000F4F38 /* Sources */,
				F8146D5025C0FFE3000F4F38 /* Frameworks */,
				F8146D5125C0FFE3000F4F38 /* Resources */,
			);
			buildRules = (
			);
			dependencies = (
				F8146D5525C0FFE3000F4F38 /* PBXTargetDependency */,
			);
			name = PreworkTests;
			productName = PreworkTests;
			productReference = F8146D5325C0FFE3000F4F38 /* PreworkTests.xctest */;
			productType = "com.apple.product-type.bundle.unit-test";
		};
		F8146D5D25C0FFE4000F4F38 /* PreworkUITests */ = {
			isa = PBXNativeTarget;
			buildConfigurationList = F8146D6D25C0FFE4000F4F38 /* Build configuration list for PBXNativeTarget "PreworkUITests" */;
			buildPhases = (
				F8146D5A25C0FFE4000F4F38 /* Sources */,
				F8146D5B25C0FFE4000F4F38 /* Frameworks */,
				F8146D5C25C0FFE4000F4F38 /* Resources */,
			);
			buildRules = (
			);
			dependencies = (
				F8146D6025C0FFE4000F4F38 /* PBXTargetDependency */,
			);
			name = PreworkUITests;
			productName = PreworkUITests;
			productReference = F8146D5E25C0FFE4000F4F38 /* PreworkUITests.xctest */;
			productType = "com.apple.product-type.bundle.ui-testing";
		};
/* End PBXNativeTarget section */

/* Begin PBXProject section */
		F8146D3525C0FFDA000F4F38 /* Project object */ = {
			isa = PBXProject;
			attributes = {
				LastSwiftUpdateCheck = 1230;
				LastUpgradeCheck = 1230;
				TargetAttributes = {
					F8146D3C25C0FFDA000F4F38 = {
						CreatedOnToolsVersion = 12.3;
					};
					F8146D5225C0FFE3000F4F38 = {
						CreatedOnToolsVersion = 12.3;
						TestTargetID = F8146D3C25C0FFDA000F4F38;
					};
					F8146D5D25C0FFE4000F4F38 = {
						CreatedOnToolsVersion = 12.3;
						TestTargetID = F8146D3C25C0FFDA000F4F38;
					};
				};
			};
			buildConfigurationList = F8146D3825C0FFDA000F4F38 /* Build configuration list for PBXProject "Prework" */;
			compatibilityVersion = "Xcode 9.3";
			developmentRegion = en;
			hasScannedForEncodings = 0;
			knownRegions = (
				en,
				Base,
			);
			mainGroup = F8146D3425C0FFDA000F4F38;
			productRefGroup = F8146D3E25C0FFDA000F4F38 /* Products */;
			projectDirPath = "";
			projectRoot = "";
			targets = (
				F8146D3C25C0FFDA000F4F38 /* Prework */,
				F8146D5225C0FFE3000F4F38 /* PreworkTests */,
				F8146D5D25C0FFE4000F4F38 /* PreworkUITests */,
			);
		};
/* End PBXProject section */

/* Begin PBXResourcesBuildPhase section */
		F8146D3B25C0FFDA000F4F38 /* Resources */ = {
			isa = PBXResourcesBuildPhase;
			buildActionMask = 2147483647;
			files = (
				F8146D4D25C0FFE3000F4F38 /* LaunchScreen.storyboard in Resources */,
				F8146D4A25C0FFE3000F4F38 /* Assets.xcassets in Resources */,
				F8146D4825C0FFDB000F4F38 /* Main.storyboard in Resources */,
			);
			runOnlyForDeploymentPostprocessing = 0;
		};
		F8146D5125C0FFE3000F4F38 /* Resources */ = {
			isa = PBXResourcesBuildPhase;
			buildActionMask = 2147483647;
			files = (
			);
			runOnlyForDeploymentPostprocessing = 0;
		};
		F8146D5C25C0FFE4000F4F38 /* Resources */ = {
			isa = PBXResourcesBuildPhase;
			buildActionMask = 2147483647;
			files = (
			);
			runOnlyForDeploymentPostprocessing = 0;
		};
/* End PBXResourcesBuildPhase section */

/* Begin PBXSourcesBuildPhase section */
		F8146D3925C0FFDA000F4F38 /* Sources */ = {
			isa = PBXSourcesBuildPhase;
			buildActionMask = 2147483647;
			files = (
				F8146D4525C0FFDB000F4F38 /* ViewController.swift in Sources */,
				F8146D4125C0FFDB000F4F38 /* AppDelegate.swift in Sources */,
				F8146D4325C0FFDB000F4F38 /* SceneDelegate.swift in Sources */,
			);
			runOnlyForDeploymentPostprocessing = 0;
		};
		F8146D4F25C0FFE3000F4F38 /* Sources */ = {
			isa = PBXSourcesBuildPhase;
			buildActionMask = 2147483647;
			files = (
				F8146D5825C0FFE3000F4F38 /* PreworkTests.swift in Sources */,
			);
			runOnlyForDeploymentPostprocessing = 0;
		};
		F8146D5A25C0FFE4000F4F38 /* Sources */ = {
			isa = PBXSourcesBuildPhase;
			buildActionMask = 2147483647;
			files = (
				F8146D6325C0FFE4000F4F38 /* PreworkUITests.swift in Sources */,
			);
			runOnlyForDeploymentPostprocessing = 0;
		};
/* End PBXSourcesBuildPhase section */

/* Begin PBXTargetDependency section */
		F8146D5525C0FFE3000F4F38 /* PBXTargetDependency */ = {
			isa = PBXTargetDependency;
			target = F8146D3C25C0FFDA000F4F38 /* Prework */;
			targetProxy = F8146D5425C0FFE3000F4F38 /* PBXContainerItemProxy */;
		};
		F8146D6025C0FFE4000F4F38 /* PBXTargetDependency */ = {
			isa = PBXTargetDependency;
			target = F8146D3C25C0FFDA000F4F38 /* Prework */;
			targetProxy = F8146D5F25C0FFE4000F4F38 /* PBXContainerItemProxy */;
		};
/* End PBXTargetDependency section */

/* Begin PBXVariantGroup section */
		F8146D4625C0FFDB000F4F38 /* Main.storyboard */ = {
			isa = PBXVariantGroup;
			children = (
				F8146D4725C0FFDB000F4F38 /* Base */,
			);
			name = Main.storyboard;
			sourceTree = "<group>";
		};
		F8146D4B25C0FFE3000F4F38 /* LaunchScreen.storyboard */ = {
			isa = PBXVariantGroup;
			children = (
				F8146D4C25C0FFE3000F4F38 /* Base */,
			);
			name = LaunchScreen.storyboard;
			sourceTree = "<group>";
		};
/* End PBXVariantGroup section */

/* Begin XCBuildConfiguration section */
		F8146D6525C0FFE4000F4F38 /* Debug */ = {
			isa = XCBuildConfiguration;
			buildSettings = {
				ALWAYS_SEARCH_USER_PATHS = NO;
				CLANG_ANALYZER_NONNULL = YES;
				CLANG_ANALYZER_NUMBER_OBJECT_CONVERSION = YES_AGGRESSIVE;
				CLANG_CXX_LANGUAGE_STANDARD = "gnu++14";
				CLANG_CXX_LIBRARY = "libc++";
				CLANG_ENABLE_MODULES = YES;
				CLANG_ENABLE_OBJC_ARC = YES;
				CLANG_ENABLE_OBJC_WEAK = YES;
				CLANG_WARN_BLOCK_CAPTURE_AUTORELEASING = YES;
				CLANG_WARN_BOOL_CONVERSION = YES;
				CLANG_WARN_COMMA = YES;
				CLANG_WARN_CONSTANT_CONVERSION = YES;
				CLANG_WARN_DEPRECATED_OBJC_IMPLEMENTATIONS = YES;
				CLANG_WARN_DIRECT_OBJC_ISA_USAGE = YES_ERROR;
				CLANG_WARN_DOCUMENTATION_COMMENTS = YES;
				CLANG_WARN_EMPTY_BODY = YES;
				CLANG_WARN_ENUM_CONVERSION = YES;
				CLANG_WARN_INFINITE_RECURSION = YES;
				CLANG_WARN_INT_CONVERSION = YES;
				CLANG_WARN_NON_LITERAL_NULL_CONVERSION = YES;
				CLANG_WARN_OBJC_IMPLICIT_RETAIN_SELF = YES;
				CLANG_WARN_OBJC_LITERAL_CONVERSION = YES;
				CLANG_WARN_OBJC_ROOT_CLASS = YES_ERROR;
				CLANG_WARN_QUOTED_INCLUDE_IN_FRAMEWORK_HEADER = YES;
				CLANG_WARN_RANGE_LOOP_ANALYSIS = YES;
				CLANG_WARN_STRICT_PROTOTYPES = YES;
				CLANG_WARN_SUSPICIOUS_MOVE = YES;
				CLANG_WARN_UNGUARDED_AVAILABILITY = YES_AGGRESSIVE;
				CLANG_WARN_UNREACHABLE_CODE = YES;
				CLANG_WARN__DUPLICATE_METHOD_MATCH = YES;
				COPY_PHASE_STRIP = NO;
				DEBUG_INFORMATION_FORMAT = dwarf;
				ENABLE_STRICT_OBJC_MSGSEND = YES;
				ENABLE_TESTABILITY = YES;
				GCC_C_LANGUAGE_STANDARD = gnu11;
				GCC_DYNAMIC_NO_PIC = NO;
				GCC_NO_COMMON_BLOCKS = YES;
				GCC_OPTIMIZATION_LEVEL = 0;
				GCC_PREPROCESSOR_DEFINITIONS = (
					"DEBUG=1",
					"$(inherited)",
				);
				GCC_WARN_64_TO_32_BIT_CONVERSION = YES;
				GCC_WARN_ABOUT_RETURN_TYPE = YES_ERROR;
				GCC_WARN_UNDECLARED_SELECTOR = YES;
				GCC_WARN_UNINITIALIZED_AUTOS = YES_AGGRESSIVE;
				GCC_WARN_UNUSED_FUNCTION = YES;
				GCC_WARN_UNUSED_VARIABLE = YES;
				IPHONEOS_DEPLOYMENT_TARGET = 14.3;
				MTL_ENABLE_DEBUG_INFO = INCLUDE_SOURCE;
				MTL_FAST_MATH = YES;
				ONLY_ACTIVE_ARCH = YES;
				SDKROOT = iphoneos;
				SWIFT_ACTIVE_COMPILATION_CONDITIONS = DEBUG;
				SWIFT_OPTIMIZATION_LEVEL = "-Onone";
			};
			name = Debug;
		};
		F8146D6625C0FFE4000F4F38 /* Release */ = {
			isa = XCBuildConfiguration;
			buildSettings = {
				ALWAYS_SEARCH_USER_PATHS = NO;
				CLANG_ANALYZER_NONNULL = YES;
				CLANG_ANALYZER_NUMBER_OBJECT_CONVERSION = YES_AGGRESSIVE;
				CLANG_CXX_LANGUAGE_STANDARD = "gnu++14";
				CLANG_CXX_LIBRARY = "libc++";
				CLANG_ENABLE_MODULES = YES;
				CLANG_ENABLE_OBJC_ARC = YES;
				CLANG_ENABLE_OBJC_WEAK = YES;
				CLANG_WARN_BLOCK_CAPTURE_AUTORELEASING = YES;
				CLANG_WARN_BOOL_CONVERSION = YES;
				CLANG_WARN_COMMA = YES;
				CLANG_WARN_CONSTANT_CONVERSION = YES;
				CLANG_WARN_DEPRECATED_OBJC_IMPLEMENTATIONS = YES;
				CLANG_WARN_DIRECT_OBJC_ISA_USAGE = YES_ERROR;
				CLANG_WARN_DOCUMENTATION_COMMENTS = YES;
				CLANG_WARN_EMPTY_BODY = YES;
				CLANG_WARN_ENUM_CONVERSION = YES;
				CLANG_WARN_INFINITE_RECURSION = YES;
				CLANG_WARN_INT_CONVERSION = YES;
				CLANG_WARN_NON_LITERAL_NULL_CONVERSION = YES;
				CLANG_WARN_OBJC_IMPLICIT_RETAIN_SELF = YES;
				CLANG_WARN_OBJC_LITERAL_CONVERSION = YES;
				CLANG_WARN_OBJC_ROOT_CLASS = YES_ERROR;
				CLANG_WARN_QUOTED_INCLUDE_IN_FRAMEWORK_HEADER = YES;
				CLANG_WARN_RANGE_LOOP_ANALYSIS = YES;
				CLANG_WARN_STRICT_PROTOTYPES = YES;
				CLANG_WARN_SUSPICIOUS_MOVE = YES;
				CLANG_WARN_UNGUARDED_AVAILABILITY = YES_AGGRESSIVE;
				CLANG_WARN_UNREACHABLE_CODE = YES;
				CLANG_WARN__DUPLICATE_METHOD_MATCH = YES;
				COPY_PHASE_STRIP = NO;
				DEBUG_INFORMATION_FORMAT = "dwarf-with-dsym";
				ENABLE_NS_ASSERTIONS = NO;
				ENABLE_STRICT_OBJC_MSGSEND = YES;
				GCC_C_LANGUAGE_STANDARD = gnu11;
				GCC_NO_COMMON_BLOCKS = YES;
				GCC_WARN_64_TO_32_BIT_CONVERSION = YES;
				GCC_WARN_ABOUT_RETURN_TYPE = YES_ERROR;
				GCC_WARN_UNDECLARED_SELECTOR = YES;
				GCC_WARN_UNINITIALIZED_AUTOS = YES_AGGRESSIVE;
				GCC_WARN_UNUSED_FUNCTION = YES;
				GCC_WARN_UNUSED_VARIABLE = YES;
				IPHONEOS_DEPLOYMENT_TARGET = 14.3;
				MTL_ENABLE_DEBUG_INFO = NO;
				MTL_FAST_MATH = YES;
				SDKROOT = iphoneos;
				SWIFT_COMPILATION_MODE = wholemodule;
				SWIFT_OPTIMIZATION_LEVEL = "-O";
				VALIDATE_PRODUCT = YES;
			};
			name = Release;
		};
		F8146D6825C0FFE4000F4F38 /* Debug */ = {
			isa = XCBuildConfiguration;
			buildSettings = {
				ASSETCATALOG_COMPILER_APPICON_NAME = AppIcon;
				ASSETCATALOG_COMPILER_GLOBAL_ACCENT_COLOR_NAME = AccentColor;
				CODE_SIGN_STYLE = Automatic;
				INFOPLIST_FILE = Prework/Info.plist;
				LD_RUNPATH_SEARCH_PATHS = (
					"$(inherited)",
					"@executable_path/Frameworks",
				);
				PRODUCT_BUNDLE_IDENTIFIER = com.kevin.Prework;
				PRODUCT_NAME = "$(TARGET_NAME)";
				SWIFT_VERSION = 5.0;
				TARGETED_DEVICE_FAMILY = "1,2";
			};
			name = Debug;
		};
		F8146D6925C0FFE4000F4F38 /* Release */ = {
			isa = XCBuildConfiguration;
			buildSettings = {
				ASSETCATALOG_COMPILER_APPICON_NAME = AppIcon;
				ASSETCATALOG_COMPILER_GLOBAL_ACCENT_COLOR_NAME = AccentColor;
				CODE_SIGN_STYLE = Automatic;
				INFOPLIST_FILE = Prework/Info.plist;
				LD_RUNPATH_SEARCH_PATHS = (
					"$(inherited)",
					"@executable_path/Frameworks",
				);
				PRODUCT_BUNDLE_IDENTIFIER = com.kevin.Prework;
				PRODUCT_NAME = "$(TARGET_NAME)";
				SWIFT_VERSION = 5.0;
				TARGETED_DEVICE_FAMILY = "1,2";
			};
			name = Release;
		};
		F8146D6B25C0FFE4000F4F38 /* Debug */ = {
			isa = XCBuildConfiguration;
			buildSettings = {
				ALWAYS_EMBED_SWIFT_STANDARD_LIBRARIES = YES;
				BUNDLE_LOADER = "$(TEST_HOST)";
				CODE_SIGN_STYLE = Automatic;
				INFOPLIST_FILE = PreworkTests/Info.plist;
				IPHONEOS_DEPLOYMENT_TARGET = 14.3;
				LD_RUNPATH_SEARCH_PATHS = (
					"$(inherited)",
					"@executable_path/Frameworks",
					"@loader_path/Frameworks",
				);
				PRODUCT_BUNDLE_IDENTIFIER = com.kevin.PreworkTests;
				PRODUCT_NAME = "$(TARGET_NAME)";
				SWIFT_VERSION = 5.0;
				TARGETED_DEVICE_FAMILY = "1,2";
				TEST_HOST = "$(BUILT_PRODUCTS_DIR)/Prework.app/Prework";
			};
			name = Debug;
		};
		F8146D6C25C0FFE4000F4F38 /* Release */ = {
			isa = XCBuildConfiguration;
			buildSettings = {
				ALWAYS_EMBED_SWIFT_STANDARD_LIBRARIES = YES;
				BUNDLE_LOADER = "$(TEST_HOST)";
				CODE_SIGN_STYLE = Automatic;
				INFOPLIST_FILE = PreworkTests/Info.plist;
				IPHONEOS_DEPLOYMENT_TARGET = 14.3;
				LD_RUNPATH_SEARCH_PATHS = (
					"$(inherited)",
					"@executable_path/Frameworks",
					"@loader_path/Frameworks",
				);
				PRODUCT_BUNDLE_IDENTIFIER = com.kevin.PreworkTests;
				PRODUCT_NAME = "$(TARGET_NAME)";
				SWIFT_VERSION = 5.0;
				TARGETED_DEVICE_FAMILY = "1,2";
				TEST_HOST = "$(BUILT_PRODUCTS_DIR)/Prework.app/Prework";
			};
			name = Release;
		};
		F8146D6E25C0FFE4000F4F38 /* Debug */ = {
			isa = XCBuildConfiguration;
			buildSettings = {
				ALWAYS_EMBED_SWIFT_STANDARD_LIBRARIES = YES;
				CODE_SIGN_STYLE = Automatic;
				INFOPLIST_FILE = PreworkUITests/Info.plist;
				LD_RUNPATH_SEARCH_PATHS = (
					"$(inherited)",
					"@executable_path/Frameworks",
					"@loader_path/Frameworks",
				);
				PRODUCT_BUNDLE_IDENTIFIER = com.kevin.PreworkUITests;
				PRODUCT_NAME = "$(TARGET_NAME)";
				SWIFT_VERSION = 5.0;
				TARGETED_DEVICE_FAMILY = "1,2";
				TEST_TARGET_NAME = Prework;
			};
			name = Debug;
		};
		F8146D6F25C0FFE4000F4F38 /* Release */ = {
			isa = XCBuildConfiguration;
			buildSettings = {
				ALWAYS_EMBED_SWIFT_STANDARD_LIBRARIES = YES;
				CODE_SIGN_STYLE = Automatic;
				INFOPLIST_FILE = PreworkUITests/Info.plist;
				LD_RUNPATH_SEARCH_PATHS = (
					"$(inherited)",
					"@executable_path/Frameworks",
					"@loader_path/Frameworks",
				);
				PRODUCT_BUNDLE_IDENTIFIER = com.kevin.PreworkUITests;
				PRODUCT_NAME = "$(TARGET_NAME)";
				SWIFT_VERSION = 5.0;
				TARGETED_DEVICE_FAMILY = "1,2";
				TEST_TARGET_NAME = Prework;
			};
			name = Release;
		};
/* End XCBuildConfiguration section */

/* Begin XCConfigurationList section */
		F8146D3825C0FFDA000F4F38 /* Build configuration list for PBXProject "Prework" */ = {
			isa = XCConfigurationList;
			buildConfigurations = (
				F8146D6525C0FFE4000F4F38 /* Debug */,
				F8146D6625C0FFE4000F4F38 /* Release */,
			);
			defaultConfigurationIsVisible = 0;
			defaultConfigurationName = Release;
		};
		F8146D6725C0FFE4000F4F38 /* Build configuration list for PBXNativeTarget "Prework" */ = {
			isa = XCConfigurationList;
			buildConfigurations = (
				F8146D6825C0FFE4000F4F38 /* Debug */,
				F8146D6925C0FFE4000F4F38 /* Release */,
			);
			defaultConfigurationIsVisible = 0;
			defaultConfigurationName = Release;
		};
		F8146D6A25C0FFE4000F4F38 /* Build configuration list for PBXNativeTarget "PreworkTests" */ = {
			isa = XCConfigurationList;
			buildConfigurations = (
				F8146D6B25C0FFE4000F4F38 /* Debug */,
				F8146D6C25C0FFE4000F4F38 /* Release */,
			);
			defaultConfigurationIsVisible = 0;
			defaultConfigurationName = Release;
		};
		F8146D6D25C0FFE4000F4F38 /* Build configuration list for PBXNativeTarget "PreworkUITests" */ = {
			isa = XCConfigurationList;
			buildConfigurations = (
				F8146D6E25C0FFE4000F4F38 /* Debug */,
				F8146D6F25C0FFE4000F4F38 /* Release */,
			);
			defaultConfigurationIsVisible = 0;
			defaultConfigurationName = Release;
		};
/* End XCConfigurationList section */
	};
	rootObject = F8146D3525C0FFDA000F4F38 /* Project object */;
}
